
Microsoft Visual Studio Solution File, Format Version 12.00
# Visual Studio Version 17
VisualStudioVersion = 17.6.33829.357
MinimumVisualStudioVersion = 10.0.40219.1
Project("{FAE04EC0-301F-11D3-BF4B-00C04F79EFBC}") = "Contest2_string", "Contest2_string\Contest2_string.csproj", "{1D718782-563D-4F0F-95BB-0EA7E6762F1C}"
EndProject
Global
	GlobalSection(SolutionConfigurationPlatforms) = preSolution
		Debug|Any CPU = Debug|Any CPU
		Release|Any CPU = Release|Any CPU
	EndGlobalSection
	GlobalSection(ProjectConfigurationPlatforms) = postSolution
		{1D718782-563D-4F0F-95BB-0EA7E6762F1C}.Debug|Any CPU.ActiveCfg = Debug|Any CPU
		{1D718782-563D-4F0F-95BB-0EA7E6762F1C}.Debug|Any CPU.Build.0 = Debug|Any CPU
		{1D718782-563D-4F0F-95BB-0EA7E6762F1C}.Release|Any CPU.ActiveCfg = Release|Any CPU
		{1D718782-563D-4F0F-95BB-0EA7E6762F1C}.Release|Any CPU.Build.0 = Release|Any CPU
	EndGlobalSection
	GlobalSection(SolutionProperties) = preSolution
		HideSolutionNode = FALSE
	EndGlobalSection
	GlobalSection(ExtensibilityGlobals) = postSolution
		SolutionGuid = {84093C6D-8BD4-49CB-B42B-8358AD8F5646}
	EndGlobalSection
EndGlobal
